
Microsoft Visual Studio Solution File, Format Version 12.00
# Visual Studio Version 17
VisualStudioVersion = 17.14.36310.24 d17.14
MinimumVisualStudioVersion = 10.0.40219.1
Project("{FAE04EC0-301F-11D3-BF4B-00C04F79EFBC}") = "ECommerceApp.Domain", "ECommerceApp.Domain\ECommerceApp.Domain.csproj", "{CCCA9768-BFE4-4784-82A4-253C6742D828}"
EndProject
Project("{FAE04EC0-301F-11D3-BF4B-00C04F79EFBC}") = "ECommerceApp.Application", "ECommerceApp.Application\ECommerceApp.Application.csproj", "{A9E8E24D-BFB3-47E2-8EC6-39F68DC4D46A}"
EndProject
Project("{FAE04EC0-301F-11D3-BF4B-00C04F79EFBC}") = "ECommerceApp.Infrastructure", "ECommerceApp.Infrastructure\ECommerceApp.Infrastructure.csproj", "{6682074B-870D-4F2E-9B5C-A76D62C2B9AA}"
EndProject
Project("{FAE04EC0-301F-11D3-BF4B-00C04F79EFBC}") = "ECommerceApp.API", "ECommerceApp.API\ECommerceApp.API.csproj", "{7DA2B943-A5AA-43E3-847F-47BD37283ED9}"
EndProject
Global
	GlobalSection(SolutionConfigurationPlatforms) = preSolution
		Debug|Any CPU = Debug|Any CPU
		Release|Any CPU = Release|Any CPU
	EndGlobalSection
	GlobalSection(ProjectConfigurationPlatforms) = postSolution
		{CCCA9768-BFE4-4784-82A4-253C6742D828}.Debug|Any CPU.ActiveCfg = Debug|Any CPU
		{CCCA9768-BFE4-4784-82A4-253C6742D828}.Debug|Any CPU.Build.0 = Debug|Any CPU
		{CCCA9768-BFE4-4784-82A4-253C6742D828}.Release|Any CPU.ActiveCfg = Release|Any CPU
		{CCCA9768-BFE4-4784-82A4-253C6742D828}.Release|Any CPU.Build.0 = Release|Any CPU
		{A9E8E24D-BFB3-47E2-8EC6-39F68DC4D46A}.Debug|Any CPU.ActiveCfg = Debug|Any CPU
		{A9E8E24D-BFB3-47E2-8EC6-39F68DC4D46A}.Debug|Any CPU.Build.0 = Debug|Any CPU
		{A9E8E24D-BFB3-47E2-8EC6-39F68DC4D46A}.Release|Any CPU.ActiveCfg = Release|Any CPU
		{A9E8E24D-BFB3-47E2-8EC6-39F68DC4D46A}.Release|Any CPU.Build.0 = Release|Any CPU
		{6682074B-870D-4F2E-9B5C-A76D62C2B9AA}.Debug|Any CPU.ActiveCfg = Debug|Any CPU
		{6682074B-870D-4F2E-9B5C-A76D62C2B9AA}.Debug|Any CPU.Build.0 = Debug|Any CPU
		{6682074B-870D-4F2E-9B5C-A76D62C2B9AA}.Release|Any CPU.ActiveCfg = Release|Any CPU
		{6682074B-870D-4F2E-9B5C-A76D62C2B9AA}.Release|Any CPU.Build.0 = Release|Any CPU
		{7DA2B943-A5AA-43E3-847F-47BD37283ED9}.Debug|Any CPU.ActiveCfg = Debug|Any CPU
		{7DA2B943-A5AA-43E3-847F-47BD37283ED9}.Debug|Any CPU.Build.0 = Debug|Any CPU
		{7DA2B943-A5AA-43E3-847F-47BD37283ED9}.Release|Any CPU.ActiveCfg = Release|Any CPU
		{7DA2B943-A5AA-43E3-847F-47BD37283ED9}.Release|Any CPU.Build.0 = Release|Any CPU
	EndGlobalSection
	GlobalSection(SolutionProperties) = preSolution
		HideSolutionNode = FALSE
	EndGlobalSection
	GlobalSection(ExtensibilityGlobals) = postSolution
		SolutionGuid = {1AF194F1-BAA5-4FAD-B5DA-2A93DE1E6E5B}
	EndGlobalSection
EndGlobal
